
Microsoft Visual Studio Solution File, Format Version 12.00
# Visual Studio 2012
Project("{FAE04EC0-301F-11D3-BF4B-00C04F79EFBC}") = "SearchBarUICollectionView", "SearchBarUICollectionView\SearchBarUICollectionView.csproj", "{788DFE38-F746-42BB-8BB8-DA432DE62877}"
EndProject
Global
	GlobalSection(SolutionConfigurationPlatforms) = preSolution
		Debug|iPhoneSimulator = Debug|iPhoneSimulator
		Release|iPhone = Release|iPhone
		Release|iPhoneSimulator = Release|iPhoneSimulator
		Debug|iPhone = Debug|iPhone
	EndGlobalSection
	GlobalSection(ProjectConfigurationPlatforms) = postSolution
		{788DFE38-F746-42BB-8BB8-DA432DE62877}.Debug|iPhoneSimulator.ActiveCfg = Debug|iPhoneSimulator
		{788DFE38-F746-42BB-8BB8-DA432DE62877}.Debug|iPhoneSimulator.Build.0 = Debug|iPhoneSimulator
		{788DFE38-F746-42BB-8BB8-DA432DE62877}.Release|iPhone.ActiveCfg = Release|iPhone
		{788DFE38-F746-42BB-8BB8-DA432DE62877}.Release|iPhone.Build.0 = Release|iPhone
		{788DFE38-F746-42BB-8BB8-DA432DE62877}.Release|iPhoneSimulator.ActiveCfg = Release|iPhoneSimulator
		{788DFE38-F746-42BB-8BB8-DA432DE62877}.Release|iPhoneSimulator.Build.0 = Release|iPhoneSimulator
		{788DFE38-F746-42BB-8BB8-DA432DE62877}.Debug|iPhone.ActiveCfg = Debug|iPhone
		{788DFE38-F746-42BB-8BB8-DA432DE62877}.Debug|iPhone.Build.0 = Debug|iPhone
	EndGlobalSection
EndGlobal
